// !$*UTF8*$!
{
	archiveVersion = 1;
	classes = {
	};
	objectVersion = 50;
	objects = {

/* Begin PBXBuildFile section */
		76A9A037637A50B73EF6A6BE /* Pods_AtNote.framework in Frameworks */ = {isa = PBXBuildFile; fileRef = 46C60898D5731EA2A345BDE4 /* Pods_AtNote.framework */; };
		D464663B2270828700AEA07C /* MovieViewController.swift in Sources */ = {isa = PBXBuildFile; fileRef = D464663A2270828700AEA07C /* MovieViewController.swift */; };
		D47B9C4722538CA00061BB45 /* NoteViewController.swift in Sources */ = {isa = PBXBuildFile; fileRef = D47B9C4622538CA00061BB45 /* NoteViewController.swift */; };
		D49EBFBE223CFE3F00DD3782 /* AppDelegate.swift in Sources */ = {isa = PBXBuildFile; fileRef = D49EBFBD223CFE3F00DD3782 /* AppDelegate.swift */; };
		D49EBFC0223CFE3F00DD3782 /* ViewController.swift in Sources */ = {isa = PBXBuildFile; fileRef = D49EBFBF223CFE3F00DD3782 /* ViewController.swift */; };
		D49EBFC3223CFE3F00DD3782 /* Main.storyboard in Resources */ = {isa = PBXBuildFile; fileRef = D49EBFC1223CFE3F00DD3782 /* Main.storyboard */; };
		D49EBFC5223CFE4200DD3782 /* Assets.xcassets in Resources */ = {isa = PBXBuildFile; fileRef = D49EBFC4223CFE4200DD3782 /* Assets.xcassets */; };
		D49EBFC8223CFE4200DD3782 /* LaunchScreen.storyboard in Resources */ = {isa = PBXBuildFile; fileRef = D49EBFC6223CFE4200DD3782 /* LaunchScreen.storyboard */; };
		D49EBFD1223DE1F400DD3782 /* NoteListTableViewController.swift in Sources */ = {isa = PBXBuildFile; fileRef = D49EBFD0223DE1F400DD3782 /* NoteListTableViewController.swift */; };
		D4A74D61225B97F8008ED0CB /* CommentViewController.swift in Sources */ = {isa = PBXBuildFile; fileRef = D4A74D60225B97F8008ED0CB /* CommentViewController.swift */; };
		D4FA7FE8223E4BEF00E626BC /* GoogleService-Info.plist in Resources */ = {isa = PBXBuildFile; fileRef = D4FA7FE7223E4BEF00E626BC /* GoogleService-Info.plist */; };
/* End PBXBuildFile section */

/* Begin PBXFileReference section */
		42FFF4F63A2796A7FC64F0C1 /* Pods-AtNote.debug.xcconfig */ = {isa = PBXFileReference; includeInIndex = 1; lastKnownFileType = text.xcconfig; name = "Pods-AtNote.debug.xcconfig"; path = "Target Support Files/Pods-AtNote/Pods-AtNote.debug.xcconfig"; sourceTree = "<group>"; };
		46C60898D5731EA2A345BDE4 /* Pods_AtNote.framework */ = {isa = PBXFileReference; explicitFileType = wrapper.framework; includeInIndex = 0; path = Pods_AtNote.framework; sourceTree = BUILT_PRODUCTS_DIR; };
		D464663A2270828700AEA07C /* MovieViewController.swift */ = {isa = PBXFileReference; lastKnownFileType = sourcecode.swift; path = MovieViewController.swift; sourceTree = "<group>"; };
		D47B9C4622538CA00061BB45 /* NoteViewController.swift */ = {isa = PBXFileReference; lastKnownFileType = sourcecode.swift; path = NoteViewController.swift; sourceTree = "<group>"; };
		D49EBFBA223CFE3F00DD3782 /* AtNote.app */ = {isa = PBXFileReference; explicitFileType = wrapper.application; includeInIndex = 0; path = AtNote.app; sourceTree = BUILT_PRODUCTS_DIR; };
		D49EBFBD223CFE3F00DD3782 /* AppDelegate.swift */ = {isa = PBXFileReference; lastKnownFileType = sourcecode.swift; path = AppDelegate.swift; sourceTree = "<group>"; };
		D49EBFBF223CFE3F00DD3782 /* ViewController.swift */ = {isa = PBXFileReference; lastKnownFileType = sourcecode.swift; path = ViewController.swift; sourceTree = "<group>"; };
		D49EBFC2223CFE3F00DD3782 /* Base */ = {isa = PBXFileReference; lastKnownFileType = file.storyboard; name = Base; path = Base.lproj/Main.storyboard; sourceTree = "<group>"; };
		D49EBFC4223CFE4200DD3782 /* Assets.xcassets */ = {isa = PBXFileReference; lastKnownFileType = folder.assetcatalog; path = Assets.xcassets; sourceTree = "<group>"; };
		D49EBFC7223CFE4200DD3782 /* Base */ = {isa = PBXFileReference; lastKnownFileType = file.storyboard; name = Base; path = Base.lproj/LaunchScreen.storyboard; sourceTree = "<group>"; };
		D49EBFC9223CFE4200DD3782 /* Info.plist */ = {isa = PBXFileReference; lastKnownFileType = text.plist.xml; path = Info.plist; sourceTree = "<group>"; };
		D49EBFD0223DE1F400DD3782 /* NoteListTableViewController.swift */ = {isa = PBXFileReference; lastKnownFileType = sourcecode.swift; path = NoteListTableViewController.swift; sourceTree = "<group>"; };
		D4A74D60225B97F8008ED0CB /* CommentViewController.swift */ = {isa = PBXFileReference; lastKnownFileType = sourcecode.swift; path = CommentViewController.swift; sourceTree = "<group>"; };
		D4FA7FE7223E4BEF00E626BC /* GoogleService-Info.plist */ = {isa = PBXFileReference; fileEncoding = 4; lastKnownFileType = text.plist.xml; path = "GoogleService-Info.plist"; sourceTree = "<group>"; };
		FD7D0FE345D9862BA9F99BB5 /* Pods-AtNote.release.xcconfig */ = {isa = PBXFileReference; includeInIndex = 1; lastKnownFileType = text.xcconfig; name = "Pods-AtNote.release.xcconfig"; path = "Target Support Files/Pods-AtNote/Pods-AtNote.release.xcconfig"; sourceTree = "<group>"; };
/* End PBXFileReference section */

/* Begin PBXFrameworksBuildPhase section */
		D49EBFB7223CFE3F00DD3782 /* Frameworks */ = {
			isa = PBXFrameworksBuildPhase;
			buildActionMask = 2147483647;
			files = (
				76A9A037637A50B73EF6A6BE /* Pods_AtNote.framework in Frameworks */,
			);
			runOnlyForDeploymentPostprocessing = 0;
		};
/* End PBXFrameworksBuildPhase section */

/* Begin PBXGroup section */
		634B9628AD114CCD2B8030CF /* Frameworks */ = {
			isa = PBXGroup;
			children = (
				46C60898D5731EA2A345BDE4 /* Pods_AtNote.framework */,
			);
			name = Frameworks;
			sourceTree = "<group>";
		};
		A90CA58004CC1D327B26AD86 /* Pods */ = {
			isa = PBXGroup;
			children = (
				42FFF4F63A2796A7FC64F0C1 /* Pods-AtNote.debug.xcconfig */,
				FD7D0FE345D9862BA9F99BB5 /* Pods-AtNote.release.xcconfig */,
			);
			path = Pods;
			sourceTree = "<group>";
		};
		D49EBFB1223CFE3F00DD3782 = {
			isa = PBXGroup;
			children = (
				D49EBFBC223CFE3F00DD3782 /* AtNote */,
				D49EBFBB223CFE3F00DD3782 /* Products */,
				A90CA58004CC1D327B26AD86 /* Pods */,
				634B9628AD114CCD2B8030CF /* Frameworks */,
			);
			sourceTree = "<group>";
		};
		D49EBFBB223CFE3F00DD3782 /* Products */ = {
			isa = PBXGroup;
			children = (
				D49EBFBA223CFE3F00DD3782 /* AtNote.app */,
			);
			name = Products;
			sourceTree = "<group>";
		};
		D49EBFBC223CFE3F00DD3782 /* AtNote */ = {
			isa = PBXGroup;
			children = (
				D49EBFCF223D087900DD3782 /* Controllers */,
				D49EBFBD223CFE3F00DD3782 /* AppDelegate.swift */,
				D49EBFC1223CFE3F00DD3782 /* Main.storyboard */,
				D49EBFC4223CFE4200DD3782 /* Assets.xcassets */,
				D49EBFC6223CFE4200DD3782 /* LaunchScreen.storyboard */,
				D4FA7FE7223E4BEF00E626BC /* GoogleService-Info.plist */,
				D49EBFC9223CFE4200DD3782 /* Info.plist */,
			);
			path = AtNote;
			sourceTree = "<group>";
		};
		D49EBFCF223D087900DD3782 /* Controllers */ = {
			isa = PBXGroup;
			children = (
				D49EBFBF223CFE3F00DD3782 /* ViewController.swift */,
				D49EBFD0223DE1F400DD3782 /* NoteListTableViewController.swift */,
				D47B9C4622538CA00061BB45 /* NoteViewController.swift */,
				D4A74D60225B97F8008ED0CB /* CommentViewController.swift */,
				D464663A2270828700AEA07C /* MovieViewController.swift */,
			);
			path = Controllers;
			sourceTree = "<group>";
		};
/* End PBXGroup section */

/* Begin PBXNativeTarget section */
		D49EBFB9223CFE3F00DD3782 /* AtNote */ = {
			isa = PBXNativeTarget;
			buildConfigurationList = D49EBFCC223CFE4200DD3782 /* Build configuration list for PBXNativeTarget "AtNote" */;
			buildPhases = (
				4C92675677D0453396549CC3 /* [CP] Check Pods Manifest.lock */,
				D49EBFB6223CFE3F00DD3782 /* Sources */,
				D49EBFB7223CFE3F00DD3782 /* Frameworks */,
				D49EBFB8223CFE3F00DD3782 /* Resources */,
				6C2A3A0BCB96E1A693057FE3 /* [CP] Embed Pods Frameworks */,
			);
			buildRules = (
			);
			dependencies = (
			);
			name = AtNote;
			productName = AtNote;
			productReference = D49EBFBA223CFE3F00DD3782 /* AtNote.app */;
			productType = "com.apple.product-type.application";
		};
/* End PBXNativeTarget section */

/* Begin PBXProject section */
		D49EBFB2223CFE3F00DD3782 /* Project object */ = {
			isa = PBXProject;
			attributes = {
				LastSwiftUpdateCheck = 1010;
				LastUpgradeCheck = 1010;
				ORGANIZATIONNAME = "奥城健太郎";
				TargetAttributes = {
					D49EBFB9223CFE3F00DD3782 = {
						CreatedOnToolsVersion = 10.1;
					};
				};
			};
			buildConfigurationList = D49EBFB5223CFE3F00DD3782 /* Build configuration list for PBXProject "AtNote" */;
			compatibilityVersion = "Xcode 9.3";
			developmentRegion = en;
			hasScannedForEncodings = 0;
			knownRegions = (
				en,
				Base,
			);
			mainGroup = D49EBFB1223CFE3F00DD3782;
			productRefGroup = D49EBFBB223CFE3F00DD3782 /* Products */;
			projectDirPath = "";
			projectRoot = "";
			targets = (
				D49EBFB9223CFE3F00DD3782 /* AtNote */,
			);
		};
/* End PBXProject section */

/* Begin PBXResourcesBuildPhase section */
		D49EBFB8223CFE3F00DD3782 /* Resources */ = {
			isa = PBXResourcesBuildPhase;
			buildActionMask = 2147483647;
			files = (
				D49EBFC8223CFE4200DD3782 /* LaunchScreen.storyboard in Resources */,
				D49EBFC5223CFE4200DD3782 /* Assets.xcassets in Resources */,
				D4FA7FE8223E4BEF00E626BC /* GoogleService-Info.plist in Resources */,
				D49EBFC3223CFE3F00DD3782 /* Main.storyboard in Resources */,
			);
			runOnlyForDeploymentPostprocessing = 0;
		};
/* End PBXResourcesBuildPhase section */

/* Begin PBXShellScriptBuildPhase section */
		4C92675677D0453396549CC3 /* [CP] Check Pods Manifest.lock */ = {
			isa = PBXShellScriptBuildPhase;
			buildActionMask = 2147483647;
			files = (
			);
			inputFileListPaths = (
			);
			inputPaths = (
				"${PODS_PODFILE_DIR_PATH}/Podfile.lock",
				"${PODS_ROOT}/Manifest.lock",
			);
			name = "[CP] Check Pods Manifest.lock";
			outputFileListPaths = (
			);
			outputPaths = (
				"$(DERIVED_FILE_DIR)/Pods-AtNote-checkManifestLockResult.txt",
			);
			runOnlyForDeploymentPostprocessing = 0;
			shellPath = /bin/sh;
			shellScript = "diff \"${PODS_PODFILE_DIR_PATH}/Podfile.lock\" \"${PODS_ROOT}/Manifest.lock\" > /dev/null\nif [ $? != 0 ] ; then\n    # print error to STDERR\n    echo \"error: The sandbox is not in sync with the Podfile.lock. Run 'pod install' or update your CocoaPods installation.\" >&2\n    exit 1\nfi\n# This output is used by Xcode 'outputs' to avoid re-running this script phase.\necho \"SUCCESS\" > \"${SCRIPT_OUTPUT_FILE_0}\"\n";
			showEnvVarsInLog = 0;
		};
		6C2A3A0BCB96E1A693057FE3 /* [CP] Embed Pods Frameworks */ = {
			isa = PBXShellScriptBuildPhase;
			buildActionMask = 2147483647;
			files = (
			);
			inputFileListPaths = (
			);
			inputPaths = (
				"${PODS_ROOT}/Target Support Files/Pods-AtNote/Pods-AtNote-frameworks.sh",
				"${BUILT_PRODUCTS_DIR}/BoringSSL-GRPC/openssl_grpc.framework",
				"${BUILT_PRODUCTS_DIR}/CenteredCollectionView/CenteredCollectionView.framework",
				"${BUILT_PRODUCTS_DIR}/GTMSessionFetcher/GTMSessionFetcher.framework",
				"${BUILT_PRODUCTS_DIR}/GoogleUtilities/GoogleUtilities.framework",
				"${BUILT_PRODUCTS_DIR}/PKHUD/PKHUD.framework",
				"${BUILT_PRODUCTS_DIR}/Protobuf/Protobuf.framework",
				"${BUILT_PRODUCTS_DIR}/SDWebImage/SDWebImage.framework",
				"${BUILT_PRODUCTS_DIR}/gRPC-C++/grpcpp.framework",
				"${BUILT_PRODUCTS_DIR}/gRPC-Core/grpc.framework",
				"${BUILT_PRODUCTS_DIR}/leveldb-library/leveldb.framework",
				"${BUILT_PRODUCTS_DIR}/nanopb/nanopb.framework",
			);
			name = "[CP] Embed Pods Frameworks";
			outputFileListPaths = (
			);
			outputPaths = (
				"${TARGET_BUILD_DIR}/${FRAMEWORKS_FOLDER_PATH}/openssl_grpc.framework",
				"${TARGET_BUILD_DIR}/${FRAMEWORKS_FOLDER_PATH}/CenteredCollectionView.framework",
				"${TARGET_BUILD_DIR}/${FRAMEWORKS_FOLDER_PATH}/GTMSessionFetcher.framework",
				"${TARGET_BUILD_DIR}/${FRAMEWORKS_FOLDER_PATH}/GoogleUtilities.framework",
				"${TARGET_BUILD_DIR}/${FRAMEWORKS_FOLDER_PATH}/PKHUD.framework",
				"${TARGET_BUILD_DIR}/${FRAMEWORKS_FOLDER_PATH}/Protobuf.framework",
				"${TARGET_BUILD_DIR}/${FRAMEWORKS_FOLDER_PATH}/SDWebImage.framework",
				"${TARGET_BUILD_DIR}/${FRAMEWORKS_FOLDER_PATH}/grpcpp.framework",
				"${TARGET_BUILD_DIR}/${FRAMEWORKS_FOLDER_PATH}/grpc.framework",
				"${TARGET_BUILD_DIR}/${FRAMEWORKS_FOLDER_PATH}/leveldb.framework",
				"${TARGET_BUILD_DIR}/${FRAMEWORKS_FOLDER_PATH}/nanopb.framework",
			);
			runOnlyForDeploymentPostprocessing = 0;
			shellPath = /bin/sh;
			shellScript = "\"${PODS_ROOT}/Target Support Files/Pods-AtNote/Pods-AtNote-frameworks.sh\"\n";
			showEnvVarsInLog = 0;
		};
/* End PBXShellScriptBuildPhase section */

/* Begin PBXSourcesBuildPhase section */
		D49EBFB6223CFE3F00DD3782 /* Sources */ = {
			isa = PBXSourcesBuildPhase;
			buildActionMask = 2147483647;
			files = (
				D4A74D61225B97F8008ED0CB /* CommentViewController.swift in Sources */,
				D47B9C4722538CA00061BB45 /* NoteViewController.swift in Sources */,
				D49EBFD1223DE1F400DD3782 /* NoteListTableViewController.swift in Sources */,
				D49EBFC0223CFE3F00DD3782 /* ViewController.swift in Sources */,
				D49EBFBE223CFE3F00DD3782 /* AppDelegate.swift in Sources */,
				D464663B2270828700AEA07C /* MovieViewController.swift in Sources */,
			);
			runOnlyForDeploymentPostprocessing = 0;
		};
/* End PBXSourcesBuildPhase section */

/* Begin PBXVariantGroup section */
		D49EBFC1223CFE3F00DD3782 /* Main.storyboard */ = {
			isa = PBXVariantGroup;
			children = (
				D49EBFC2223CFE3F00DD3782 /* Base */,
			);
			name = Main.storyboard;
			sourceTree = "<group>";
		};
		D49EBFC6223CFE4200DD3782 /* LaunchScreen.storyboard */ = {
			isa = PBXVariantGroup;
			children = (
				D49EBFC7223CFE4200DD3782 /* Base */,
			);
			name = LaunchScreen.storyboard;
			sourceTree = "<group>";
		};
/* End PBXVariantGroup section */

/* Begin XCBuildConfiguration section */
		D49EBFCA223CFE4200DD3782 /* Debug */ = {
			isa = XCBuildConfiguration;
			buildSettings = {
				ALWAYS_SEARCH_USER_PATHS = NO;
				CLANG_ANALYZER_NONNULL = YES;
				CLANG_ANALYZER_NUMBER_OBJECT_CONVERSION = YES_AGGRESSIVE;
				CLANG_CXX_LANGUAGE_STANDARD = "gnu++14";
				CLANG_CXX_LIBRARY = "libc++";
				CLANG_ENABLE_MODULES = YES;
				CLANG_ENABLE_OBJC_ARC = YES;
				CLANG_ENABLE_OBJC_WEAK = YES;
				CLANG_WARN_BLOCK_CAPTURE_AUTORELEASING = YES;
				CLANG_WARN_BOOL_CONVERSION = YES;
				CLANG_WARN_COMMA = YES;
				CLANG_WARN_CONSTANT_CONVERSION = YES;
				CLANG_WARN_DEPRECATED_OBJC_IMPLEMENTATIONS = YES;
				CLANG_WARN_DIRECT_OBJC_ISA_USAGE = YES_ERROR;
				CLANG_WARN_DOCUMENTATION_COMMENTS = YES;
				CLANG_WARN_EMPTY_BODY = YES;
				CLANG_WARN_ENUM_CONVERSION = YES;
				CLANG_WARN_INFINITE_RECURSION = YES;
				CLANG_WARN_INT_CONVERSION = YES;
				CLANG_WARN_NON_LITERAL_NULL_CONVERSION = YES;
				CLANG_WARN_OBJC_IMPLICIT_RETAIN_SELF = YES;
				CLANG_WARN_OBJC_LITERAL_CONVERSION = YES;
				CLANG_WARN_OBJC_ROOT_CLASS = YES_ERROR;
				CLANG_WARN_RANGE_LOOP_ANALYSIS = YES;
				CLANG_WARN_STRICT_PROTOTYPES = YES;
				CLANG_WARN_SUSPICIOUS_MOVE = YES;
				CLANG_WARN_UNGUARDED_AVAILABILITY = YES_AGGRESSIVE;
				CLANG_WARN_UNREACHABLE_CODE = YES;
				CLANG_WARN__DUPLICATE_METHOD_MATCH = YES;
				CODE_SIGN_IDENTITY = "iPhone Developer";
				COPY_PHASE_STRIP = NO;
				DEBUG_INFORMATION_FORMAT = dwarf;
				ENABLE_STRICT_OBJC_MSGSEND = YES;
				ENABLE_TESTABILITY = YES;
				GCC_C_LANGUAGE_STANDARD = gnu11;
				GCC_DYNAMIC_NO_PIC = NO;
				GCC_NO_COMMON_BLOCKS = YES;
				GCC_OPTIMIZATION_LEVEL = 0;
				GCC_PREPROCESSOR_DEFINITIONS = (
					"DEBUG=1",
					"$(inherited)",
				);
				GCC_WARN_64_TO_32_BIT_CONVERSION = YES;
				GCC_WARN_ABOUT_RETURN_TYPE = YES_ERROR;
				GCC_WARN_UNDECLARED_SELECTOR = YES;
				GCC_WARN_UNINITIALIZED_AUTOS = YES_AGGRESSIVE;
				GCC_WARN_UNUSED_FUNCTION = YES;
				GCC_WARN_UNUSED_VARIABLE = YES;
				IPHONEOS_DEPLOYMENT_TARGET = 12.1;
				MTL_ENABLE_DEBUG_INFO = INCLUDE_SOURCE;
				MTL_FAST_MATH = YES;
				ONLY_ACTIVE_ARCH = YES;
				SDKROOT = iphoneos;
				SWIFT_ACTIVE_COMPILATION_CONDITIONS = DEBUG;
				SWIFT_OPTIMIZATION_LEVEL = "-Onone";
			};
			name = Debug;
		};
		D49EBFCB223CFE4200DD3782 /* Release */ = {
			isa = XCBuildConfiguration;
			buildSettings = {
				ALWAYS_SEARCH_USER_PATHS = NO;
				CLANG_ANALYZER_NONNULL = YES;
				CLANG_ANALYZER_NUMBER_OBJECT_CONVERSION = YES_AGGRESSIVE;
				CLANG_CXX_LANGUAGE_STANDARD = "gnu++14";
				CLANG_CXX_LIBRARY = "libc++";
				CLANG_ENABLE_MODULES = YES;
				CLANG_ENABLE_OBJC_ARC = YES;
				CLANG_ENABLE_OBJC_WEAK = YES;
				CLANG_WARN_BLOCK_CAPTURE_AUTORELEASING = YES;
				CLANG_WARN_BOOL_CONVERSION = YES;
				CLANG_WARN_COMMA = YES;
				CLANG_WARN_CONSTANT_CONVERSION = YES;
				CLANG_WARN_DEPRECATED_OBJC_IMPLEMENTATIONS = YES;
				CLANG_WARN_DIRECT_OBJC_ISA_USAGE = YES_ERROR;
				CLANG_WARN_DOCUMENTATION_COMMENTS = YES;
				CLANG_WARN_EMPTY_BODY = YES;
				CLANG_WARN_ENUM_CONVERSION = YES;
				CLANG_WARN_INFINITE_RECURSION = YES;
				CLANG_WARN_INT_CONVERSION = YES;
				CLANG_WARN_NON_LITERAL_NULL_CONVERSION = YES;
				CLANG_WARN_OBJC_IMPLICIT_RETAIN_SELF = YES;
				CLANG_WARN_OBJC_LITERAL_CONVERSION = YES;
				CLANG_WARN_OBJC_ROOT_CLASS = YES_ERROR;
				CLANG_WARN_RANGE_LOOP_ANALYSIS = YES;
				CLANG_WARN_STRICT_PROTOTYPES = YES;
				CLANG_WARN_SUSPICIOUS_MOVE = YES;
				CLANG_WARN_UNGUARDED_AVAILABILITY = YES_AGGRESSIVE;
				CLANG_WARN_UNREACHABLE_CODE = YES;
				CLANG_WARN__DUPLICATE_METHOD_MATCH = YES;
				CODE_SIGN_IDENTITY = "iPhone Developer";
				COPY_PHASE_STRIP = NO;
				DEBUG_INFORMATION_FORMAT = "dwarf-with-dsym";
				ENABLE_NS_ASSERTIONS = NO;
				ENABLE_STRICT_OBJC_MSGSEND = YES;
				GCC_C_LANGUAGE_STANDARD = gnu11;
				GCC_NO_COMMON_BLOCKS = YES;
				GCC_WARN_64_TO_32_BIT_CONVERSION = YES;
				GCC_WARN_ABOUT_RETURN_TYPE = YES_ERROR;
				GCC_WARN_UNDECLARED_SELECTOR = YES;
				GCC_WARN_UNINITIALIZED_AUTOS = YES_AGGRESSIVE;
				GCC_WARN_UNUSED_FUNCTION = YES;
				GCC_WARN_UNUSED_VARIABLE = YES;
				IPHONEOS_DEPLOYMENT_TARGET = 12.1;
				MTL_ENABLE_DEBUG_INFO = NO;
				MTL_FAST_MATH = YES;
				SDKROOT = iphoneos;
				SWIFT_COMPILATION_MODE = wholemodule;
				SWIFT_OPTIMIZATION_LEVEL = "-O";
				VALIDATE_PRODUCT = YES;
			};
			name = Release;
		};
		D49EBFCD223CFE4200DD3782 /* Debug */ = {
			isa = XCBuildConfiguration;
			baseConfigurationReference = 42FFF4F63A2796A7FC64F0C1 /* Pods-AtNote.debug.xcconfig */;
			buildSettings = {
				ASSETCATALOG_COMPILER_APPICON_NAME = AppIcon;
				CODE_SIGN_STYLE = Automatic;
				DEVELOPMENT_TEAM = 3U6UDFBN33;
				INFOPLIST_FILE = AtNote/Info.plist;
				LD_RUNPATH_SEARCH_PATHS = (
					"$(inherited)",
					"@executable_path/Frameworks",
				);
				PRODUCT_BUNDLE_IDENTIFIER = okushiro.AtNote;
				PRODUCT_NAME = "$(TARGET_NAME)";
				SWIFT_VERSION = 4.2;
				TARGETED_DEVICE_FAMILY = "1,2";
			};
			name = Debug;
		};
		D49EBFCE223CFE4200DD3782 /* Release */ = {
			isa = XCBuildConfiguration;
			baseConfigurationReference = FD7D0FE345D9862BA9F99BB5 /* Pods-AtNote.release.xcconfig */;
			buildSettings = {
				ASSETCATALOG_COMPILER_APPICON_NAME = AppIcon;
				CODE_SIGN_STYLE = Automatic;
				DEVELOPMENT_TEAM = 3U6UDFBN33;
				INFOPLIST_FILE = AtNote/Info.plist;
				LD_RUNPATH_SEARCH_PATHS = (
					"$(inherited)",
					"@executable_path/Frameworks",
				);
				PRODUCT_BUNDLE_IDENTIFIER = okushiro.AtNote;
				PRODUCT_NAME = "$(TARGET_NAME)";
				SWIFT_VERSION = 4.2;
				TARGETED_DEVICE_FAMILY = "1,2";
			};
			name = Release;
		};
/* End XCBuildConfiguration section */

/* Begin XCConfigurationList section */
		D49EBFB5223CFE3F00DD3782 /* Build configuration list for PBXProject "AtNote" */ = {
			isa = XCConfigurationList;
			buildConfigurations = (
				D49EBFCA223CFE4200DD3782 /* Debug */,
				D49EBFCB223CFE4200DD3782 /* Release */,
			);
			defaultConfigurationIsVisible = 0;
			defaultConfigurationName = Release;
		};
		D49EBFCC223CFE4200DD3782 /* Build configuration list for PBXNativeTarget "AtNote" */ = {
			isa = XCConfigurationList;
			buildConfigurations = (
				D49EBFCD223CFE4200DD3782 /* Debug */,
				D49EBFCE223CFE4200DD3782 /* Release */,
			);
			defaultConfigurationIsVisible = 0;
			defaultConfigurationName = Release;
		};
/* End XCConfigurationList section */
	};
	rootObject = D49EBFB2223CFE3F00DD3782 /* Project object */;
}
